Microsoft Visual Studio Solution File, Format Version 12.00
# Visual Studio Version 17
VisualStudioVersion = 17.5.2.0
MinimumVisualStudioVersion = 10.0.40219.1
Project("{FAE04EC0-301F-11D3-BF4B-00C04F79EFBC}") = "ZMotionSDK", "ZMotionSDK.csproj", "{C781D8F2-F4BE-CAA2-65E2-D0A1A8EC3DFF}"
EndProject
Global
	GlobalSection(SolutionConfigurationPlatforms) = preSolution
		Debug|Any CPU = Debug|Any CPU
		Release|Any CPU = Release|Any CPU
	EndGlobalSection
	GlobalSection(ProjectConfigurationPlatforms) = postSolution
		{C781D8F2-F4BE-CAA2-65E2-D0A1A8EC3DFF}.Debug|Any CPU.ActiveCfg = Debug|Any CPU
		{C781D8F2-F4BE-CAA2-65E2-D0A1A8EC3DFF}.Debug|Any CPU.Build.0 = Debug|Any CPU
		{C781D8F2-F4BE-CAA2-65E2-D0A1A8EC3DFF}.Release|Any CPU.ActiveCfg = Release|Any CPU
		{C781D8F2-F4BE-CAA2-65E2-D0A1A8EC3DFF}.Release|Any CPU.Build.0 = Release|Any CPU
	EndGlobalSection
	GlobalSection(SolutionProperties) = preSolution
		HideSolutionNode = FALSE
	EndGlobalSection
	GlobalSection(ExtensibilityGlobals) = postSolution
		SolutionGuid = {AE43E4F6-DD07-43FA-A317-46CF571EC08B}
	EndGlobalSection
EndGlobal
